// !$*UTF8*$!
{
	archiveVersion = 1;
	classes = {
	};
	objectVersion = 55;
	objects = {

/* Begin PBXBuildFile section */
		2F548FD427C2C5720058D8BD /* AppDelegate.swift in Sources */ = {isa = PBXBuildFile; fileRef = 2F548FD327C2C5720058D8BD /* AppDelegate.swift */; };
		2F548FD627C2C5720058D8BD /* SceneDelegate.swift in Sources */ = {isa = PBXBuildFile; fileRef = 2F548FD527C2C5720058D8BD /* SceneDelegate.swift */; };
		2F548FDB27C2C5720058D8BD /* Main.storyboard in Resources */ = {isa = PBXBuildFile; fileRef = 2F548FD927C2C5720058D8BD /* Main.storyboard */; };
		2F548FDD27C2C5730058D8BD /* Assets.xcassets in Resources */ = {isa = PBXBuildFile; fileRef = 2F548FDC27C2C5730058D8BD /* Assets.xcassets */; };
		2F548FE027C2C5730058D8BD /* LaunchScreen.storyboard in Resources */ = {isa = PBXBuildFile; fileRef = 2F548FDE27C2C5730058D8BD /* LaunchScreen.storyboard */; };
		2F548FEF27C2C8160058D8BD /* APIKeys.swift in Sources */ = {isa = PBXBuildFile; fileRef = 2F548FEE27C2C8160058D8BD /* APIKeys.swift */; };
		2F548FF127C2C84D0058D8BD /* URLs.swift in Sources */ = {isa = PBXBuildFile; fileRef = 2F548FF027C2C84D0058D8BD /* URLs.swift */; };
		2F548FF327C2C9020058D8BD /* StockViewController.swift in Sources */ = {isa = PBXBuildFile; fileRef = 2F548FF227C2C9020058D8BD /* StockViewController.swift */; };
		2F5D6CB327C2DCEF002E83D6 /* QuoteShort.swift in Sources */ = {isa = PBXBuildFile; fileRef = 2F5D6CB227C2DCEF002E83D6 /* QuoteShort.swift */; };
		6F5E09C34E2A4AB1E9AA9C30 /* Pods_NailStocks.framework in Frameworks */ = {isa = PBXBuildFile; fileRef = C81FF38375AF9EBE888FFA5E /* Pods_NailStocks.framework */; };
/* End PBXBuildFile section */

/* Begin PBXFileReference section */
		2F548FD027C2C5720058D8BD /* NailStocks.app */ = {isa = PBXFileReference; explicitFileType = wrapper.application; includeInIndex = 0; path = NailStocks.app; sourceTree = BUILT_PRODUCTS_DIR; };
		2F548FD327C2C5720058D8BD /* AppDelegate.swift */ = {isa = PBXFileReference; lastKnownFileType = sourcecode.swift; path = AppDelegate.swift; sourceTree = "<group>"; };
		2F548FD527C2C5720058D8BD /* SceneDelegate.swift */ = {isa = PBXFileReference; lastKnownFileType = sourcecode.swift; path = SceneDelegate.swift; sourceTree = "<group>"; };
		2F548FDA27C2C5720058D8BD /* Base */ = {isa = PBXFileReference; lastKnownFileType = file.storyboard; name = Base; path = Base.lproj/Main.storyboard; sourceTree = "<group>"; };
		2F548FDC27C2C5730058D8BD /* Assets.xcassets */ = {isa = PBXFileReference; lastKnownFileType = folder.assetcatalog; path = Assets.xcassets; sourceTree = "<group>"; };
		2F548FDF27C2C5730058D8BD /* Base */ = {isa = PBXFileReference; lastKnownFileType = file.storyboard; name = Base; path = Base.lproj/LaunchScreen.storyboard; sourceTree = "<group>"; };
		2F548FE127C2C5730058D8BD /* Info.plist */ = {isa = PBXFileReference; lastKnownFileType = text.plist.xml; path = Info.plist; sourceTree = "<group>"; };
		2F548FEE27C2C8160058D8BD /* APIKeys.swift */ = {isa = PBXFileReference; lastKnownFileType = sourcecode.swift; path = APIKeys.swift; sourceTree = "<group>"; };
		2F548FF027C2C84D0058D8BD /* URLs.swift */ = {isa = PBXFileReference; lastKnownFileType = sourcecode.swift; path = URLs.swift; sourceTree = "<group>"; };
		2F548FF227C2C9020058D8BD /* StockViewController.swift */ = {isa = PBXFileReference; lastKnownFileType = sourcecode.swift; path = StockViewController.swift; sourceTree = "<group>"; };
		2F5D6CB227C2DCEF002E83D6 /* QuoteShort.swift */ = {isa = PBXFileReference; lastKnownFileType = sourcecode.swift; path = QuoteShort.swift; sourceTree = "<group>"; };
		6B2BAB43CC650FC62D125FFF /* Pods-NailStocks.debug.xcconfig */ = {isa = PBXFileReference; includeInIndex = 1; lastKnownFileType = text.xcconfig; name = "Pods-NailStocks.debug.xcconfig"; path = "Target Support Files/Pods-NailStocks/Pods-NailStocks.debug.xcconfig"; sourceTree = "<group>"; };
		91F18AE2EB904C06C04C992E /* Pods-NailStocks.release.xcconfig */ = {isa = PBXFileReference; includeInIndex = 1; lastKnownFileType = text.xcconfig; name = "Pods-NailStocks.release.xcconfig"; path = "Target Support Files/Pods-NailStocks/Pods-NailStocks.release.xcconfig"; sourceTree = "<group>"; };
		C81FF38375AF9EBE888FFA5E /* Pods_NailStocks.framework */ = {isa = PBXFileReference; explicitFileType = wrapper.framework; includeInIndex = 0; path = Pods_NailStocks.framework; sourceTree = BUILT_PRODUCTS_DIR; };
/* End PBXFileReference section */

/* Begin PBXFrameworksBuildPhase section */
		2F548FCD27C2C5720058D8BD /* Frameworks */ = {
			isa = PBXFrameworksBuildPhase;
			buildActionMask = 2147483647;
			files = (
				6F5E09C34E2A4AB1E9AA9C30 /* Pods_NailStocks.framework in Frameworks */,
			);
			runOnlyForDeploymentPostprocessing = 0;
		};
/* End PBXFrameworksBuildPhase section */

/* Begin PBXGroup section */
		2F548FC727C2C5720058D8BD = {
			isa = PBXGroup;
			children = (
				2F548FD227C2C5720058D8BD /* NailStocks */,
				2F548FD127C2C5720058D8BD /* Products */,
				9C11ED6DDB9FDD368C18CE9B /* Pods */,
				315A91A60B8EC1E2DF3C2225 /* Frameworks */,
			);
			sourceTree = "<group>";
		};
		2F548FD127C2C5720058D8BD /* Products */ = {
			isa = PBXGroup;
			children = (
				2F548FD027C2C5720058D8BD /* NailStocks.app */,
			);
			name = Products;
			sourceTree = "<group>";
		};
		2F548FD227C2C5720058D8BD /* NailStocks */ = {
			isa = PBXGroup;
			children = (
				2F548FEB27C2C7BB0058D8BD /* Constants */,
				2F548FE827C2C59D0058D8BD /* Controller */,
				2F548FEA27C2C5B50058D8BD /* Model */,
				2F548FE927C2C5A40058D8BD /* View */,
				2F548FD327C2C5720058D8BD /* AppDelegate.swift */,
				2F548FD527C2C5720058D8BD /* SceneDelegate.swift */,
				2F548FDC27C2C5730058D8BD /* Assets.xcassets */,
				2F548FDE27C2C5730058D8BD /* LaunchScreen.storyboard */,
				2F548FE127C2C5730058D8BD /* Info.plist */,
			);
			path = NailStocks;
			sourceTree = "<group>";
		};
		2F548FE827C2C59D0058D8BD /* Controller */ = {
			isa = PBXGroup;
			children = (
				2F548FF227C2C9020058D8BD /* StockViewController.swift */,
			);
			path = Controller;
			sourceTree = "<group>";
		};
		2F548FE927C2C5A40058D8BD /* View */ = {
			isa = PBXGroup;
			children = (
				2F548FD927C2C5720058D8BD /* Main.storyboard */,
			);
			path = View;
			sourceTree = "<group>";
		};
		2F548FEA27C2C5B50058D8BD /* Model */ = {
			isa = PBXGroup;
			children = (
				2F5D6CB227C2DCEF002E83D6 /* QuoteShort.swift */,
			);
			path = Model;
			sourceTree = "<group>";
		};
		2F548FEB27C2C7BB0058D8BD /* Constants */ = {
			isa = PBXGroup;
			children = (
				2F548FEE27C2C8160058D8BD /* APIKeys.swift */,
				2F548FF027C2C84D0058D8BD /* URLs.swift */,
			);
			path = Constants;
			sourceTree = "<group>";
		};
		315A91A60B8EC1E2DF3C2225 /* Frameworks */ = {
			isa = PBXGroup;
			children = (
				C81FF38375AF9EBE888FFA5E /* Pods_NailStocks.framework */,
			);
			name = Frameworks;
			sourceTree = "<group>";
		};
		9C11ED6DDB9FDD368C18CE9B /* Pods */ = {
			isa = PBXGroup;
			children = (
				6B2BAB43CC650FC62D125FFF /* Pods-NailStocks.debug.xcconfig */,
				91F18AE2EB904C06C04C992E /* Pods-NailStocks.release.xcconfig */,
			);
			path = Pods;
			sourceTree = "<group>";
		};
/* End PBXGroup section */

/* Begin PBXNativeTarget section */
		2F548FCF27C2C5720058D8BD /* NailStocks */ = {
			isa = PBXNativeTarget;
			buildConfigurationList = 2F548FE427C2C5730058D8BD /* Build configuration list for PBXNativeTarget "NailStocks" */;
			buildPhases = (
				2D45D03813CCEA402F304AA9 /* [CP] Check Pods Manifest.lock */,
				2F548FCC27C2C5720058D8BD /* Sources */,
				2F548FCD27C2C5720058D8BD /* Frameworks */,
				2F548FCE27C2C5720058D8BD /* Resources */,
				B9B071F5663C7CC9A247AB1C /* [CP] Embed Pods Frameworks */,
			);
			buildRules = (
			);
			dependencies = (
			);
			name = NailStocks;
			productName = NailStocks;
			productReference = 2F548FD027C2C5720058D8BD /* NailStocks.app */;
			productType = "com.apple.product-type.application";
		};
/* End PBXNativeTarget section */

/* Begin PBXProject section */
		2F548FC827C2C5720058D8BD /* Project object */ = {
			isa = PBXProject;
			attributes = {
				BuildIndependentTargetsInParallel = 1;
				LastSwiftUpdateCheck = 1320;
				LastUpgradeCheck = 1320;
				TargetAttributes = {
					2F548FCF27C2C5720058D8BD = {
						CreatedOnToolsVersion = 13.2.1;
					};
				};
			};
			buildConfigurationList = 2F548FCB27C2C5720058D8BD /* Build configuration list for PBXProject "NailStocks" */;
			compatibilityVersion = "Xcode 13.0";
			developmentRegion = en;
			hasScannedForEncodings = 0;
			knownRegions = (
				en,
				Base,
			);
			mainGroup = 2F548FC727C2C5720058D8BD;
			productRefGroup = 2F548FD127C2C5720058D8BD /* Products */;
			projectDirPath = "";
			projectRoot = "";
			targets = (
				2F548FCF27C2C5720058D8BD /* NailStocks */,
			);
		};
/* End PBXProject section */

/* Begin PBXResourcesBuildPhase section */
		2F548FCE27C2C5720058D8BD /* Resources */ = {
			isa = PBXResourcesBuildPhase;
			buildActionMask = 2147483647;
			files = (
				2F548FE027C2C5730058D8BD /* LaunchScreen.storyboard in Resources */,
				2F548FDD27C2C5730058D8BD /* Assets.xcassets in Resources */,
				2F548FDB27C2C5720058D8BD /* Main.storyboard in Resources */,
			);
			runOnlyForDeploymentPostprocessing = 0;
		};
/* End PBXResourcesBuildPhase section */

/* Begin PBXShellScriptBuildPhase section */
		2D45D03813CCEA402F304AA9 /* [CP] Check Pods Manifest.lock */ = {
			isa = PBXShellScriptBuildPhase;
			buildActionMask = 2147483647;
			files = (
			);
			inputFileListPaths = (
			);
			inputPaths = (
				"${PODS_PODFILE_DIR_PATH}/Podfile.lock",
				"${PODS_ROOT}/Manifest.lock",
			);
			name = "[CP] Check Pods Manifest.lock";
			outputFileListPaths = (
			);
			outputPaths = (
				"$(DERIVED_FILE_DIR)/Pods-NailStocks-checkManifestLockResult.txt",
			);
			runOnlyForDeploymentPostprocessing = 0;
			shellPath = /bin/sh;
			shellScript = "diff \"${PODS_PODFILE_DIR_PATH}/Podfile.lock\" \"${PODS_ROOT}/Manifest.lock\" > /dev/null\nif [ $? != 0 ] ; then\n    # print error to STDERR\n    echo \"error: The sandbox is not in sync with the Podfile.lock. Run 'pod install' or update your CocoaPods installation.\" >&2\n    exit 1\nfi\n# This output is used by Xcode 'outputs' to avoid re-running this script phase.\necho \"SUCCESS\" > \"${SCRIPT_OUTPUT_FILE_0}\"\n";
			showEnvVarsInLog = 0;
		};
		B9B071F5663C7CC9A247AB1C /* [CP] Embed Pods Frameworks */ = {
			isa = PBXShellScriptBuildPhase;
			buildActionMask = 2147483647;
			files = (
			);
			inputFileListPaths = (
				"${PODS_ROOT}/Target Support Files/Pods-NailStocks/Pods-NailStocks-frameworks-${CONFIGURATION}-input-files.xcfilelist",
			);
			name = "[CP] Embed Pods Frameworks";
			outputFileListPaths = (
				"${PODS_ROOT}/Target Support Files/Pods-NailStocks/Pods-NailStocks-frameworks-${CONFIGURATION}-output-files.xcfilelist",
			);
			runOnlyForDeploymentPostprocessing = 0;
			shellPath = /bin/sh;
			shellScript = "\"${PODS_ROOT}/Target Support Files/Pods-NailStocks/Pods-NailStocks-frameworks.sh\"\n";
			showEnvVarsInLog = 0;
		};
/* End PBXShellScriptBuildPhase section */

/* Begin PBXSourcesBuildPhase section */
		2F548FCC27C2C5720058D8BD /* Sources */ = {
			isa = PBXSourcesBuildPhase;
			buildActionMask = 2147483647;
			files = (
				2F548FF127C2C84D0058D8BD /* URLs.swift in Sources */,
				2F5D6CB327C2DCEF002E83D6 /* QuoteShort.swift in Sources */,
				2F548FEF27C2C8160058D8BD /* APIKeys.swift in Sources */,
				2F548FD427C2C5720058D8BD /* AppDelegate.swift in Sources */,
				2F548FD627C2C5720058D8BD /* SceneDelegate.swift in Sources */,
				2F548FF327C2C9020058D8BD /* StockViewController.swift in Sources */,
			);
			runOnlyForDeploymentPostprocessing = 0;
		};
/* End PBXSourcesBuildPhase section */

/* Begin PBXVariantGroup section */
		2F548FD927C2C5720058D8BD /* Main.storyboard */ = {
			isa = PBXVariantGroup;
			children = (
				2F548FDA27C2C5720058D8BD /* Base */,
			);
			name = Main.storyboard;
			sourceTree = "<group>";
		};
		2F548FDE27C2C5730058D8BD /* LaunchScreen.storyboard */ = {
			isa = PBXVariantGroup;
			children = (
				2F548FDF27C2C5730058D8BD /* Base */,
			);
			name = LaunchScreen.storyboard;
			sourceTree = "<group>";
		};
/* End PBXVariantGroup section */

/* Begin XCBuildConfiguration section */
		2F548FE227C2C5730058D8BD /* Debug */ = {
			isa = XCBuildConfiguration;
			buildSettings = {
				ALWAYS_SEARCH_USER_PATHS = NO;
				CLANG_ANALYZER_NONNULL = YES;
				CLANG_ANALYZER_NUMBER_OBJECT_CONVERSION = YES_AGGRESSIVE;
				CLANG_CXX_LANGUAGE_STANDARD = "gnu++17";
				CLANG_CXX_LIBRARY = "libc++";
				CLANG_ENABLE_MODULES = YES;
				CLANG_ENABLE_OBJC_ARC = YES;
				CLANG_ENABLE_OBJC_WEAK = YES;
				CLANG_WARN_BLOCK_CAPTURE_AUTORELEASING = YES;
				CLANG_WARN_BOOL_CONVERSION = YES;
				CLANG_WARN_COMMA = YES;
				CLANG_WARN_CONSTANT_CONVERSION = YES;
				CLANG_WARN_DEPRECATED_OBJC_IMPLEMENTATIONS = YES;
				CLANG_WARN_DIRECT_OBJC_ISA_USAGE = YES_ERROR;
				CLANG_WARN_DOCUMENTATION_COMMENTS = YES;
				CLANG_WARN_EMPTY_BODY = YES;
				CLANG_WARN_ENUM_CONVERSION = YES;
				CLANG_WARN_INFINITE_RECURSION = YES;
				CLANG_WARN_INT_CONVERSION = YES;
				CLANG_WARN_NON_LITERAL_NULL_CONVERSION = YES;
				CLANG_WARN_OBJC_IMPLICIT_RETAIN_SELF = YES;
				CLANG_WARN_OBJC_LITERAL_CONVERSION = YES;
				CLANG_WARN_OBJC_ROOT_CLASS = YES_ERROR;
				CLANG_WARN_QUOTED_INCLUDE_IN_FRAMEWORK_HEADER = YES;
				CLANG_WARN_RANGE_LOOP_ANALYSIS = YES;
				CLANG_WARN_STRICT_PROTOTYPES = YES;
				CLANG_WARN_SUSPICIOUS_MOVE = YES;
				CLANG_WARN_UNGUARDED_AVAILABILITY = YES_AGGRESSIVE;
				CLANG_WARN_UNREACHABLE_CODE = YES;
				CLANG_WARN__DUPLICATE_METHOD_MATCH = YES;
				COPY_PHASE_STRIP = NO;
				DEBUG_INFORMATION_FORMAT = dwarf;
				ENABLE_STRICT_OBJC_MSGSEND = YES;
				ENABLE_TESTABILITY = YES;
				GCC_C_LANGUAGE_STANDARD = gnu11;
				GCC_DYNAMIC_NO_PIC = NO;
				GCC_NO_COMMON_BLOCKS = YES;
				GCC_OPTIMIZATION_LEVEL = 0;
				GCC_PREPROCESSOR_DEFINITIONS = (
					"DEBUG=1",
					"$(inherited)",
				);
				GCC_WARN_64_TO_32_BIT_CONVERSION = YES;
				GCC_WARN_ABOUT_RETURN_TYPE = YES_ERROR;
				GCC_WARN_UNDECLARED_SELECTOR = YES;
				GCC_WARN_UNINITIALIZED_AUTOS = YES_AGGRESSIVE;
				GCC_WARN_UNUSED_FUNCTION = YES;
				GCC_WARN_UNUSED_VARIABLE = YES;
				IPHONEOS_DEPLOYMENT_TARGET = 15.2;
				MTL_ENABLE_DEBUG_INFO = INCLUDE_SOURCE;
				MTL_FAST_MATH = YES;
				ONLY_ACTIVE_ARCH = YES;
				SDKROOT = iphoneos;
				SWIFT_ACTIVE_COMPILATION_CONDITIONS = DEBUG;
				SWIFT_OPTIMIZATION_LEVEL = "-Onone";
			};
			name = Debug;
		};
		2F548FE327C2C5730058D8BD /* Release */ = {
			isa = XCBuildConfiguration;
			buildSettings = {
				ALWAYS_SEARCH_USER_PATHS = NO;
				CLANG_ANALYZER_NONNULL = YES;
				CLANG_ANALYZER_NUMBER_OBJECT_CONVERSION = YES_AGGRESSIVE;
				CLANG_CXX_LANGUAGE_STANDARD = "gnu++17";
				CLANG_CXX_LIBRARY = "libc++";
				CLANG_ENABLE_MODULES = YES;
				CLANG_ENABLE_OBJC_ARC = YES;
				CLANG_ENABLE_OBJC_WEAK = YES;
				CLANG_WARN_BLOCK_CAPTURE_AUTORELEASING = YES;
				CLANG_WARN_BOOL_CONVERSION = YES;
				CLANG_WARN_COMMA = YES;
				CLANG_WARN_CONSTANT_CONVERSION = YES;
				CLANG_WARN_DEPRECATED_OBJC_IMPLEMENTATIONS = YES;
				CLANG_WARN_DIRECT_OBJC_ISA_USAGE = YES_ERROR;
				CLANG_WARN_DOCUMENTATION_COMMENTS = YES;
				CLANG_WARN_EMPTY_BODY = YES;
				CLANG_WARN_ENUM_CONVERSION = YES;
				CLANG_WARN_INFINITE_RECURSION = YES;
				CLANG_WARN_INT_CONVERSION = YES;
				CLANG_WARN_NON_LITERAL_NULL_CONVERSION = YES;
				CLANG_WARN_OBJC_IMPLICIT_RETAIN_SELF = YES;
				CLANG_WARN_OBJC_LITERAL_CONVERSION = YES;
				CLANG_WARN_OBJC_ROOT_CLASS = YES_ERROR;
				CLANG_WARN_QUOTED_INCLUDE_IN_FRAMEWORK_HEADER = YES;
				CLANG_WARN_RANGE_LOOP_ANALYSIS = YES;
				CLANG_WARN_STRICT_PROTOTYPES = YES;
				CLANG_WARN_SUSPICIOUS_MOVE = YES;
				CLANG_WARN_UNGUARDED_AVAILABILITY = YES_AGGRESSIVE;
				CLANG_WARN_UNREACHABLE_CODE = YES;
				CLANG_WARN__DUPLICATE_METHOD_MATCH = YES;
				COPY_PHASE_STRIP = NO;
				DEBUG_INFORMATION_FORMAT = "dwarf-with-dsym";
				ENABLE_NS_ASSERTIONS = NO;
				ENABLE_STRICT_OBJC_MSGSEND = YES;
				GCC_C_LANGUAGE_STANDARD = gnu11;
				GCC_NO_COMMON_BLOCKS = YES;
				GCC_WARN_64_TO_32_BIT_CONVERSION = YES;
				GCC_WARN_ABOUT_RETURN_TYPE = YES_ERROR;
				GCC_WARN_UNDECLARED_SELECTOR = YES;
				GCC_WARN_UNINITIALIZED_AUTOS = YES_AGGRESSIVE;
				GCC_WARN_UNUSED_FUNCTION = YES;
				GCC_WARN_UNUSED_VARIABLE = YES;
				IPHONEOS_DEPLOYMENT_TARGET = 15.2;
				MTL_ENABLE_DEBUG_INFO = NO;
				MTL_FAST_MATH = YES;
				SDKROOT = iphoneos;
				SWIFT_COMPILATION_MODE = wholemodule;
				SWIFT_OPTIMIZATION_LEVEL = "-O";
				VALIDATE_PRODUCT = YES;
			};
			name = Release;
		};
		2F548FE527C2C5730058D8BD /* Debug */ = {
			isa = XCBuildConfiguration;
			baseConfigurationReference = 6B2BAB43CC650FC62D125FFF /* Pods-NailStocks.debug.xcconfig */;
			buildSettings = {
				ASSETCATALOG_COMPILER_APPICON_NAME = AppIcon;
				ASSETCATALOG_COMPILER_GLOBAL_ACCENT_COLOR_NAME = AccentColor;
				CODE_SIGN_STYLE = Automatic;
				CURRENT_PROJECT_VERSION = 1;
				GENERATE_INFOPLIST_FILE = YES;
				INFOPLIST_FILE = NailStocks/Info.plist;
				INFOPLIST_KEY_UIApplicationSupportsIndirectInputEvents = YES;
				INFOPLIST_KEY_UILaunchStoryboardName = LaunchScreen;
				INFOPLIST_KEY_UIMainStoryboardFile = Main;
				INFOPLIST_KEY_UISupportedInterfaceOrientations_iPad = "UIInterfaceOrientationPortrait UIInterfaceOrientationPortraitUpsideDown UIInterfaceOrientationLandscapeLeft UIInterfaceOrientationLandscapeRight";
				INFOPLIST_KEY_UISupportedInterfaceOrientations_iPhone = "UIInterfaceOrientationPortrait UIInterfaceOrientationLandscapeLeft UIInterfaceOrientationLandscapeRight";
				LD_RUNPATH_SEARCH_PATHS = (
					"$(inherited)",
					"@executable_path/Frameworks",
				);
				MARKETING_VERSION = 1.0;
				PRODUCT_BUNDLE_IDENTIFIER = edu.northeastern.jiayingxie.NailStocks;
				PRODUCT_NAME = "$(TARGET_NAME)";
				SWIFT_EMIT_LOC_STRINGS = YES;
				SWIFT_VERSION = 5.0;
				TARGETED_DEVICE_FAMILY = "1,2";
			};
			name = Debug;
		};
		2F548FE627C2C5730058D8BD /* Release */ = {
			isa = XCBuildConfiguration;
			baseConfigurationReference = 91F18AE2EB904C06C04C992E /* Pods-NailStocks.release.xcconfig */;
			buildSettings = {
				ASSETCATALOG_COMPILER_APPICON_NAME = AppIcon;
				ASSETCATALOG_COMPILER_GLOBAL_ACCENT_COLOR_NAME = AccentColor;
				CODE_SIGN_STYLE = Automatic;
				CURRENT_PROJECT_VERSION = 1;
				GENERATE_INFOPLIST_FILE = YES;
				INFOPLIST_FILE = NailStocks/Info.plist;
				INFOPLIST_KEY_UIApplicationSupportsIndirectInputEvents = YES;
				INFOPLIST_KEY_UILaunchStoryboardName = LaunchScreen;
				INFOPLIST_KEY_UIMainStoryboardFile = Main;
				INFOPLIST_KEY_UISupportedInterfaceOrientations_iPad = "UIInterfaceOrientationPortrait UIInterfaceOrientationPortraitUpsideDown UIInterfaceOrientationLandscapeLeft UIInterfaceOrientationLandscapeRight";
				INFOPLIST_KEY_UISupportedInterfaceOrientations_iPhone = "UIInterfaceOrientationPortrait UIInterfaceOrientationLandscapeLeft UIInterfaceOrientationLandscapeRight";
				LD_RUNPATH_SEARCH_PATHS = (
					"$(inherited)",
					"@executable_path/Frameworks",
				);
				MARKETING_VERSION = 1.0;
				PRODUCT_BUNDLE_IDENTIFIER = edu.northeastern.jiayingxie.NailStocks;
				PRODUCT_NAME = "$(TARGET_NAME)";
				SWIFT_EMIT_LOC_STRINGS = YES;
				SWIFT_VERSION = 5.0;
				TARGETED_DEVICE_FAMILY = "1,2";
			};
			name = Release;
		};
/* End XCBuildConfiguration section */

/* Begin XCConfigurationList section */
		2F548FCB27C2C5720058D8BD /* Build configuration list for PBXProject "NailStocks" */ = {
			isa = XCConfigurationList;
			buildConfigurations = (
				2F548FE227C2C5730058D8BD /* Debug */,
				2F548FE327C2C5730058D8BD /* Release */,
			);
			defaultConfigurationIsVisible = 0;
			defaultConfigurationName = Release;
		};
		2F548FE427C2C5730058D8BD /* Build configuration list for PBXNativeTarget "NailStocks" */ = {
			isa = XCConfigurationList;
			buildConfigurations = (
				2F548FE527C2C5730058D8BD /* Debug */,
				2F548FE627C2C5730058D8BD /* Release */,
			);
			defaultConfigurationIsVisible = 0;
			defaultConfigurationName = Release;
		};
/* End XCConfigurationList section */
	};
	rootObject = 2F548FC827C2C5720058D8BD /* Project object */;
}
